
Microsoft Visual Studio Solution File, Format Version 12.00
# Visual Studio Version 16
VisualStudioVersion = 16.0.29613.14
MinimumVisualStudioVersion = 10.0.40219.1
Project("{8BC9CEB8-8B4A-11D0-8D11-00A0C91BC942}") = "Algo2020", "Algo2020\Algo2020.vcxproj", "{E5EBE117-605F-4789-934B-EBC076311362}"
EndProject
Global
	GlobalSection(SolutionConfigurationPlatforms) = preSolution
		Debug|x64 = Debug|x64
		Debug|x86 = Debug|x86
		Release|x64 = Release|x64
		Release|x86 = Release|x86
	EndGlobalSection
	GlobalSection(ProjectConfigurationPlatforms) = postSolution
		{E5EBE117-605F-4789-934B-EBC076311362}.Debug|x64.ActiveCfg = Debug|x64
		{E5EBE117-605F-4789-934B-EBC076311362}.Debug|x64.Build.0 = Debug|x64
		{E5EBE117-605F-4789-934B-EBC076311362}.Debug|x86.ActiveCfg = Debug|Win32
		{E5EBE117-605F-4789-934B-EBC076311362}.Debug|x86.Build.0 = Debug|Win32
		{E5EBE117-605F-4789-934B-EBC076311362}.Release|x64.ActiveCfg = Release|x64
		{E5EBE117-605F-4789-934B-EBC076311362}.Release|x64.Build.0 = Release|x64
		{E5EBE117-605F-4789-934B-EBC076311362}.Release|x86.ActiveCfg = Release|Win32
		{E5EBE117-605F-4789-934B-EBC076311362}.Release|x86.Build.0 = Release|Win32
	EndGlobalSection
	GlobalSection(SolutionProperties) = preSolution
		HideSolutionNode = FALSE
	EndGlobalSection
	GlobalSection(ExtensibilityGlobals) = postSolution
		SolutionGuid = {A7A4CB67-436E-4D95-91BB-D2B4B1C559E0}
	EndGlobalSection
EndGlobal
